
Microsoft Visual Studio Solution File, Format Version 12.00
# Visual Studio Version 16
VisualStudioVersion = 16.0.31025.194
MinimumVisualStudioVersion = 10.0.40219.1
Project("{FAE04EC0-301F-11D3-BF4B-00C04F79EFBC}") = "Projeto3Camadas", "Projeto3Camadas\Projeto3Camadas.csproj", "{AEB95F2D-5FBD-4A9F-B4C8-A1C18492109A}"
EndProject
Global
	GlobalSection(SolutionConfigurationPlatforms) = preSolution
		Debug|Any CPU = Debug|Any CPU
		Release|Any CPU = Release|Any CPU
	EndGlobalSection
	GlobalSection(ProjectConfigurationPlatforms) = postSolution
		{AEB95F2D-5FBD-4A9F-B4C8-A1C18492109A}.Debug|Any CPU.ActiveCfg = Debug|Any CPU
		{AEB95F2D-5FBD-4A9F-B4C8-A1C18492109A}.Debug|Any CPU.Build.0 = Debug|Any CPU
		{AEB95F2D-5FBD-4A9F-B4C8-A1C18492109A}.Release|Any CPU.ActiveCfg = Release|Any CPU
		{AEB95F2D-5FBD-4A9F-B4C8-A1C18492109A}.Release|Any CPU.Build.0 = Release|Any CPU
	EndGlobalSection
	GlobalSection(SolutionProperties) = preSolution
		HideSolutionNode = FALSE
	EndGlobalSection
	GlobalSection(ExtensibilityGlobals) = postSolution
		SolutionGuid = {CCB5CD46-BEF9-48FE-83A3-49B94F7A6736}
	EndGlobalSection
EndGlobal
